
Microsoft Visual Studio Solution File, Format Version 12.00
# Visual Studio Version 17
VisualStudioVersion = 17.13.35919.96
MinimumVisualStudioVersion = 10.0.40219.1
Project("{FAE04EC0-301F-11D3-BF4B-00C04F79EFBC}") = "PujaService.Api", "PujaService.Api\PujaService.Api.csproj", "{149C08FC-54D7-4F95-BC5D-B02EDBFFCACE}"
EndProject
Project("{FAE04EC0-301F-11D3-BF4B-00C04F79EFBC}") = "PujaService.Aplicacion", "PujaService.Aplicacion\PujaService.Aplicacion.csproj", "{BBCC048B-59C4-40C2-9ADA-FC46CEE475F6}"
EndProject
Project("{FAE04EC0-301F-11D3-BF4B-00C04F79EFBC}") = "PujaService.Infraestructura", "PujaService.Infraestructura\PujaService.Infraestructura.csproj", "{3963DBEE-A254-44EF-BF3D-9D617F935E94}"
EndProject
Project("{FAE04EC0-301F-11D3-BF4B-00C04F79EFBC}") = "PujaService.Dominio", "PujaService.Dominio\PujaService.Dominio.csproj", "{4ABECC92-2C85-4288-8D60-B4640AF93320}"
EndProject
Project("{FAE04EC0-301F-11D3-BF4B-00C04F79EFBC}") = "PujaService.test", "PujaService.test\PujaService.test.csproj", "{F500B41D-8F00-4617-ADEB-639ECD194015}"
EndProject
Global
	GlobalSection(SolutionConfigurationPlatforms) = preSolution
		Debug|Any CPU = Debug|Any CPU
		Release|Any CPU = Release|Any CPU
	EndGlobalSection
	GlobalSection(ProjectConfigurationPlatforms) = postSolution
		{149C08FC-54D7-4F95-BC5D-B02EDBFFCACE}.Debug|Any CPU.ActiveCfg = Debug|Any CPU
		{149C08FC-54D7-4F95-BC5D-B02EDBFFCACE}.Debug|Any CPU.Build.0 = Debug|Any CPU
		{149C08FC-54D7-4F95-BC5D-B02EDBFFCACE}.Release|Any CPU.ActiveCfg = Release|Any CPU
		{149C08FC-54D7-4F95-BC5D-B02EDBFFCACE}.Release|Any CPU.Build.0 = Release|Any CPU
		{BBCC048B-59C4-40C2-9ADA-FC46CEE475F6}.Debug|Any CPU.ActiveCfg = Debug|Any CPU
		{BBCC048B-59C4-40C2-9ADA-FC46CEE475F6}.Debug|Any CPU.Build.0 = Debug|Any CPU
		{BBCC048B-59C4-40C2-9ADA-FC46CEE475F6}.Release|Any CPU.ActiveCfg = Release|Any CPU
		{BBCC048B-59C4-40C2-9ADA-FC46CEE475F6}.Release|Any CPU.Build.0 = Release|Any CPU
		{3963DBEE-A254-44EF-BF3D-9D617F935E94}.Debug|Any CPU.ActiveCfg = Debug|Any CPU
		{3963DBEE-A254-44EF-BF3D-9D617F935E94}.Debug|Any CPU.Build.0 = Debug|Any CPU
		{3963DBEE-A254-44EF-BF3D-9D617F935E94}.Release|Any CPU.ActiveCfg = Release|Any CPU
		{3963DBEE-A254-44EF-BF3D-9D617F935E94}.Release|Any CPU.Build.0 = Release|Any CPU
		{4ABECC92-2C85-4288-8D60-B4640AF93320}.Debug|Any CPU.ActiveCfg = Debug|Any CPU
		{4ABECC92-2C85-4288-8D60-B4640AF93320}.Debug|Any CPU.Build.0 = Debug|Any CPU
		{4ABECC92-2C85-4288-8D60-B4640AF93320}.Release|Any CPU.ActiveCfg = Release|Any CPU
		{4ABECC92-2C85-4288-8D60-B4640AF93320}.Release|Any CPU.Build.0 = Release|Any CPU
		{F500B41D-8F00-4617-ADEB-639ECD194015}.Debug|Any CPU.ActiveCfg = Debug|Any CPU
		{F500B41D-8F00-4617-ADEB-639ECD194015}.Debug|Any CPU.Build.0 = Debug|Any CPU
		{F500B41D-8F00-4617-ADEB-639ECD194015}.Release|Any CPU.ActiveCfg = Release|Any CPU
		{F500B41D-8F00-4617-ADEB-639ECD194015}.Release|Any CPU.Build.0 = Release|Any CPU
	EndGlobalSection
	GlobalSection(SolutionProperties) = preSolution
		HideSolutionNode = FALSE
	EndGlobalSection
	GlobalSection(ExtensibilityGlobals) = postSolution
		SolutionGuid = {F20B7600-E389-4A41-9CA1-9DFDE4572743}
	EndGlobalSection
EndGlobal
